
Microsoft Visual Studio Solution File, Format Version 11.00
# Visual Studio 2010
Project("{FAE04EC0-301F-11D3-BF4B-00C04F79EFBC}") = "GridBoard", "GridBoard\GridBoard.csproj", "{0AA44F9B-532B-4800-92F7-11C84931CD73}"
EndProject
Project("{E24C65DC-7377-472B-9ABA-BC803B73C61A}") = "GridBoardWeb", "GridBoardWeb\", "{212BD576-A35F-480C-BA05-8D9220685364}"
	ProjectSection(WebsiteProperties) = preProject
		TargetFrameworkMoniker = ".NETFramework,Version%3Dv4.0"
		Debug.AspNetCompiler.VirtualPath = "/GridBoardWeb"
		Debug.AspNetCompiler.PhysicalPath = "GridBoardWeb\"
		Debug.AspNetCompiler.TargetPath = "PrecompiledWeb\GridBoardWeb\"
		Debug.AspNetCompiler.Updateable = "true"
		Debug.AspNetCompiler.ForceOverwrite = "true"
		Debug.AspNetCompiler.FixedNames = "false"
		Debug.AspNetCompiler.Debug = "True"
		Release.AspNetCompiler.VirtualPath = "/GridBoardWeb"
		Release.AspNetCompiler.PhysicalPath = "GridBoardWeb\"
		Release.AspNetCompiler.TargetPath = "PrecompiledWeb\GridBoardWeb\"
		Release.AspNetCompiler.Updateable = "true"
		Release.AspNetCompiler.ForceOverwrite = "true"
		Release.AspNetCompiler.FixedNames = "false"
		Release.AspNetCompiler.Debug = "False"
		VWDPort = "1669"
		DefaultWebSiteLanguage = "Visual C#"
	EndProjectSection
EndProject
Global
	GlobalSection(SolutionConfigurationPlatforms) = preSolution
		Debug|Any CPU = Debug|Any CPU
		Release|Any CPU = Release|Any CPU
	EndGlobalSection
	GlobalSection(ProjectConfigurationPlatforms) = postSolution
		{0AA44F9B-532B-4800-92F7-11C84931CD73}.Debug|Any CPU.ActiveCfg = Debug|Any CPU
		{0AA44F9B-532B-4800-92F7-11C84931CD73}.Debug|Any CPU.Build.0 = Debug|Any CPU
		{0AA44F9B-532B-4800-92F7-11C84931CD73}.Release|Any CPU.ActiveCfg = Release|Any CPU
		{0AA44F9B-532B-4800-92F7-11C84931CD73}.Release|Any CPU.Build.0 = Release|Any CPU
		{212BD576-A35F-480C-BA05-8D9220685364}.Debug|Any CPU.ActiveCfg = Debug|Any CPU
		{212BD576-A35F-480C-BA05-8D9220685364}.Debug|Any CPU.Build.0 = Debug|Any CPU
		{212BD576-A35F-480C-BA05-8D9220685364}.Release|Any CPU.ActiveCfg = Debug|Any CPU
		{212BD576-A35F-480C-BA05-8D9220685364}.Release|Any CPU.Build.0 = Debug|Any CPU
	EndGlobalSection
	GlobalSection(SolutionProperties) = preSolution
		HideSolutionNode = FALSE
	EndGlobalSection
EndGlobal
